
Microsoft Visual Studio Solution File, Format Version 11.00
# Visual Studio 2010
Project("{FAE04EC0-301F-11D3-BF4B-00C04F79EFBC}") = "dokuku.sales.organization", "dokuku.sales.organization\dokuku.sales.organization.csproj", "{2C0F3BC7-ED13-400D-8D03-61E053748F7F}"
EndProject
Project("{FAE04EC0-301F-11D3-BF4B-00C04F79EFBC}") = "dokuku.sales.fixture", "dokuku.sales.fixture\dokuku.sales.fixture.csproj", "{711872FE-E8BA-4996-ACBF-BEB3ACDB5884}"
EndProject
Project("{FAE04EC0-301F-11D3-BF4B-00C04F79EFBC}") = "dokuku.sales.config", "dokuku.sales.config\dokuku.sales.config.csproj", "{C1E3A522-9F44-48ED-8855-B78EC12A6C17}"
EndProject
Project("{FAE04EC0-301F-11D3-BF4B-00C04F79EFBC}") = "dokuku.sales.customer", "dokuku.sales.customer\dokuku.sales.customer.csproj", "{F5C9F94E-C7E1-4B16-ACA6-819CAC3B4819}"
EndProject
Project("{FAE04EC0-301F-11D3-BF4B-00C04F79EFBC}") = "dokuku.sales.item", "dokuku.sales.item\dokuku.sales.item.csproj", "{5E69D5E7-0DC2-4F7C-94B2-38BB7658FD88}"
EndProject
Project("{FAE04EC0-301F-11D3-BF4B-00C04F79EFBC}") = "dokuku.security", "dokuku.security\dokuku.security.csproj", "{AB8DD020-FA42-4D68-A4C4-66DDD1A3B9B7}"
EndProject
Project("{FAE04EC0-301F-11D3-BF4B-00C04F79EFBC}") = "dokuku.sales.web", "dokuku.sales.web\dokuku.sales.web.csproj", "{7722DE26-7C0C-4DF3-9A05-C791575D171B}"
EndProject
Project("{FAE04EC0-301F-11D3-BF4B-00C04F79EFBC}") = "dokuku.sales.invoices", "dokuku.sales.invoices\dokuku.sales.invoices.csproj", "{1003F280-9DFA-4D08-AB9B-771815BCE5B1}"
EndProject
Project("{FAE04EC0-301F-11D3-BF4B-00C04F79EFBC}") = "dokuku.sales.item.messages", "dokuku.sales.item.messages\dokuku.sales.item.messages.csproj", "{CC7B4BC5-85DC-470C-9531-D2B0FE5EB4D8}"
EndProject
Project("{FAE04EC0-301F-11D3-BF4B-00C04F79EFBC}") = "dokuku.sales.distributor", "dokuku.sales.distributor\dokuku.sales.distributor.csproj", "{A1A6652A-BD05-44AD-B6A6-CD59E96FBDC1}"
EndProject
Project("{FAE04EC0-301F-11D3-BF4B-00C04F79EFBC}") = "dokuku.sales.report", "dokuku.sales.report\dokuku.sales.report.csproj", "{DFC91C58-F8C4-47AB-9253-257AE0DF3498}"
EndProject
Global
	GlobalSection(SolutionConfigurationPlatforms) = preSolution
		Debug|Any CPU = Debug|Any CPU
		Release|Any CPU = Release|Any CPU
	EndGlobalSection
	GlobalSection(ProjectConfigurationPlatforms) = postSolution
		{2C0F3BC7-ED13-400D-8D03-61E053748F7F}.Debug|Any CPU.ActiveCfg = Debug|Any CPU
		{2C0F3BC7-ED13-400D-8D03-61E053748F7F}.Debug|Any CPU.Build.0 = Debug|Any CPU
		{2C0F3BC7-ED13-400D-8D03-61E053748F7F}.Release|Any CPU.ActiveCfg = Release|Any CPU
		{2C0F3BC7-ED13-400D-8D03-61E053748F7F}.Release|Any CPU.Build.0 = Release|Any CPU
		{711872FE-E8BA-4996-ACBF-BEB3ACDB5884}.Debug|Any CPU.ActiveCfg = Debug|Any CPU
		{711872FE-E8BA-4996-ACBF-BEB3ACDB5884}.Debug|Any CPU.Build.0 = Debug|Any CPU
		{711872FE-E8BA-4996-ACBF-BEB3ACDB5884}.Release|Any CPU.ActiveCfg = Release|Any CPU
		{711872FE-E8BA-4996-ACBF-BEB3ACDB5884}.Release|Any CPU.Build.0 = Release|Any CPU
		{C1E3A522-9F44-48ED-8855-B78EC12A6C17}.Debug|Any CPU.ActiveCfg = Debug|Any CPU
		{C1E3A522-9F44-48ED-8855-B78EC12A6C17}.Debug|Any CPU.Build.0 = Debug|Any CPU
		{C1E3A522-9F44-48ED-8855-B78EC12A6C17}.Release|Any CPU.ActiveCfg = Release|Any CPU
		{C1E3A522-9F44-48ED-8855-B78EC12A6C17}.Release|Any CPU.Build.0 = Release|Any CPU
		{F5C9F94E-C7E1-4B16-ACA6-819CAC3B4819}.Debug|Any CPU.ActiveCfg = Debug|Any CPU
		{F5C9F94E-C7E1-4B16-ACA6-819CAC3B4819}.Debug|Any CPU.Build.0 = Debug|Any CPU
		{F5C9F94E-C7E1-4B16-ACA6-819CAC3B4819}.Release|Any CPU.ActiveCfg = Release|Any CPU
		{F5C9F94E-C7E1-4B16-ACA6-819CAC3B4819}.Release|Any CPU.Build.0 = Release|Any CPU
		{5E69D5E7-0DC2-4F7C-94B2-38BB7658FD88}.Debug|Any CPU.ActiveCfg = Debug|Any CPU
		{5E69D5E7-0DC2-4F7C-94B2-38BB7658FD88}.Debug|Any CPU.Build.0 = Debug|Any CPU
		{5E69D5E7-0DC2-4F7C-94B2-38BB7658FD88}.Release|Any CPU.ActiveCfg = Release|Any CPU
		{5E69D5E7-0DC2-4F7C-94B2-38BB7658FD88}.Release|Any CPU.Build.0 = Release|Any CPU
		{AB8DD020-FA42-4D68-A4C4-66DDD1A3B9B7}.Debug|Any CPU.ActiveCfg = Debug|Any CPU
		{AB8DD020-FA42-4D68-A4C4-66DDD1A3B9B7}.Debug|Any CPU.Build.0 = Debug|Any CPU
		{AB8DD020-FA42-4D68-A4C4-66DDD1A3B9B7}.Release|Any CPU.ActiveCfg = Release|Any CPU
		{AB8DD020-FA42-4D68-A4C4-66DDD1A3B9B7}.Release|Any CPU.Build.0 = Release|Any CPU
		{7722DE26-7C0C-4DF3-9A05-C791575D171B}.Debug|Any CPU.ActiveCfg = Debug|Any CPU
		{7722DE26-7C0C-4DF3-9A05-C791575D171B}.Debug|Any CPU.Build.0 = Debug|Any CPU
		{7722DE26-7C0C-4DF3-9A05-C791575D171B}.Release|Any CPU.ActiveCfg = Release|Any CPU
		{7722DE26-7C0C-4DF3-9A05-C791575D171B}.Release|Any CPU.Build.0 = Release|Any CPU
		{1003F280-9DFA-4D08-AB9B-771815BCE5B1}.Debug|Any CPU.ActiveCfg = Debug|Any CPU
		{1003F280-9DFA-4D08-AB9B-771815BCE5B1}.Debug|Any CPU.Build.0 = Debug|Any CPU
		{1003F280-9DFA-4D08-AB9B-771815BCE5B1}.Release|Any CPU.ActiveCfg = Release|Any CPU
		{1003F280-9DFA-4D08-AB9B-771815BCE5B1}.Release|Any CPU.Build.0 = Release|Any CPU
		{CC7B4BC5-85DC-470C-9531-D2B0FE5EB4D8}.Debug|Any CPU.ActiveCfg = Debug|Any CPU
		{CC7B4BC5-85DC-470C-9531-D2B0FE5EB4D8}.Debug|Any CPU.Build.0 = Debug|Any CPU
		{CC7B4BC5-85DC-470C-9531-D2B0FE5EB4D8}.Release|Any CPU.ActiveCfg = Release|Any CPU
		{CC7B4BC5-85DC-470C-9531-D2B0FE5EB4D8}.Release|Any CPU.Build.0 = Release|Any CPU
		{A1A6652A-BD05-44AD-B6A6-CD59E96FBDC1}.Debug|Any CPU.ActiveCfg = Debug|Any CPU
		{A1A6652A-BD05-44AD-B6A6-CD59E96FBDC1}.Debug|Any CPU.Build.0 = Debug|Any CPU
		{A1A6652A-BD05-44AD-B6A6-CD59E96FBDC1}.Release|Any CPU.ActiveCfg = Release|Any CPU
		{A1A6652A-BD05-44AD-B6A6-CD59E96FBDC1}.Release|Any CPU.Build.0 = Release|Any CPU
		{DFC91C58-F8C4-47AB-9253-257AE0DF3498}.Debug|Any CPU.ActiveCfg = Debug|Any CPU
		{DFC91C58-F8C4-47AB-9253-257AE0DF3498}.Debug|Any CPU.Build.0 = Debug|Any CPU
		{DFC91C58-F8C4-47AB-9253-257AE0DF3498}.Release|Any CPU.ActiveCfg = Release|Any CPU
		{DFC91C58-F8C4-47AB-9253-257AE0DF3498}.Release|Any CPU.Build.0 = Release|Any CPU
	EndGlobalSection
	GlobalSection(SolutionProperties) = preSolution
		HideSolutionNode = FALSE
	EndGlobalSection
EndGlobal
