
Microsoft Visual Studio Solution File, Format Version 11.00
# Visual Studio 2010
Project("{FAE04EC0-301F-11D3-BF4B-00C04F79EFBC}") = "dokuku.sales.organization", "dokuku.sales.organization\dokuku.sales.organization.csproj", "{2C0F3BC7-ED13-400D-8D03-61E053748F7F}"
EndProject
Project("{FAE04EC0-301F-11D3-BF4B-00C04F79EFBC}") = "dokuku.sales.fixture", "dokuku.sales.fixture\dokuku.sales.fixture.csproj", "{711872FE-E8BA-4996-ACBF-BEB3ACDB5884}"
EndProject
Project("{FAE04EC0-301F-11D3-BF4B-00C04F79EFBC}") = "dokuku.sales.config", "dokuku.sales.config\dokuku.sales.config.csproj", "{C1E3A522-9F44-48ED-8855-B78EC12A6C17}"
EndProject
Project("{FAE04EC0-301F-11D3-BF4B-00C04F79EFBC}") = "dokuku.sales.customer", "dokuku.sales.customer\dokuku.sales.customer.csproj", "{F5C9F94E-C7E1-4B16-ACA6-819CAC3B4819}"
EndProject
Project("{FAE04EC0-301F-11D3-BF4B-00C04F79EFBC}") = "dokuku.sales.item", "dokuku.sales.item\dokuku.sales.item.csproj", "{5E69D5E7-0DC2-4F7C-94B2-38BB7658FD88}"
EndProject
Project("{FAE04EC0-301F-11D3-BF4B-00C04F79EFBC}") = "dokuku.security", "dokuku.security\dokuku.security.csproj", "{AB8DD020-FA42-4D68-A4C4-66DDD1A3B9B7}"
EndProject
Project("{FAE04EC0-301F-11D3-BF4B-00C04F79EFBC}") = "dokuku.sales.web", "dokuku.sales.web\dokuku.sales.web.csproj", "{7722DE26-7C0C-4DF3-9A05-C791575D171B}"
EndProject
Project("{FAE04EC0-301F-11D3-BF4B-00C04F79EFBC}") = "dokuku.sales.invoices", "dokuku.sales.invoices\dokuku.sales.invoices.csproj", "{1003F280-9DFA-4D08-AB9B-771815BCE5B1}"
EndProject
Project("{FAE04EC0-301F-11D3-BF4B-00C04F79EFBC}") = "dokuku.sales.item.messages", "dokuku.sales.item.messages\dokuku.sales.item.messages.csproj", "{CC7B4BC5-85DC-470C-9531-D2B0FE5EB4D8}"
EndProject
Project("{FAE04EC0-301F-11D3-BF4B-00C04F79EFBC}") = "dokuku.sales.distributor", "dokuku.sales.distributor\dokuku.sales.distributor.csproj", "{A1A6652A-BD05-44AD-B6A6-CD59E96FBDC1}"
EndProject
Project("{FAE04EC0-301F-11D3-BF4B-00C04F79EFBC}") = "dokuku.sales.report", "dokuku.sales.report\dokuku.sales.report.csproj", "{DFC91C58-F8C4-47AB-9253-257AE0DF3498}"
EndProject
Project("{FAE04EC0-301F-11D3-BF4B-00C04F79EFBC}") = "dokuku.sales.customer.messages", "dokuku.sales.customer.messages\dokuku.sales.customer.messages.csproj", "{B8DA4234-451B-40A1-969F-F9FB979C6356}"
EndProject
Project("{FAE04EC0-301F-11D3-BF4B-00C04F79EFBC}") = "dokuku.sales.invoice.messages", "dokuku.sales.invoice.messages\dokuku.sales.invoice.messages.csproj", "{EA041C37-0229-4188-ACB0-9F684C17F029}"
EndProject
Project("{FAE04EC0-301F-11D3-BF4B-00C04F79EFBC}") = "dokuku.sales.payment", "dokuku.sales.payment\dokuku.sales.payment.csproj", "{6E5D0D64-62F2-4420-9DF0-F83D57678293}"
EndProject
Project("{FAE04EC0-301F-11D3-BF4B-00C04F79EFBC}") = "dokuku.sales.payment.fixture", "dokuku.sales.payment.fixture\dokuku.sales.payment.fixture.csproj", "{F389B501-2848-4C9B-B2C2-583FEC9BD01A}"
EndProject
Project("{FAE04EC0-301F-11D3-BF4B-00C04F79EFBC}") = "dokuku.sales.domainevents", "dokuku.sales.domainevents\dokuku.sales.domainevents.csproj", "{E50EEC36-7450-4C21-9DA4-DBC56BEABDD4}"
EndProject
Project("{FAE04EC0-301F-11D3-BF4B-00C04F79EFBC}") = "dokuku.sales.payment.messages", "dokuku.sales.payment.messages\dokuku.sales.payment.messages.csproj", "{13FDB4DB-B1B3-415B-A89C-1F126A238718}"
EndProject
Project("{FAE04EC0-301F-11D3-BF4B-00C04F79EFBC}") = "dokuku.sales.payment.domainevents", "dokuku.sales.payment.domainevents\dokuku.sales.payment.domainevents.csproj", "{A9026D2B-D2AE-43CC-B9FF-4D686A75BDC1}"
EndProject
Project("{FAE04EC0-301F-11D3-BF4B-00C04F79EFBC}") = "dokuku.sales.payment.host", "dokuku.sales.payment.host\dokuku.sales.payment.host.csproj", "{1E3B0C19-D3B2-4345-9530-8E8C87363521}"
EndProject
Project("{FAE04EC0-301F-11D3-BF4B-00C04F79EFBC}") = "dokuku.sales.report.host", "dokuku.sales.report.host\dokuku.sales.report.host.csproj", "{343AA832-365B-474F-9FE5-DF72EFB20776}"
EndProject
Project("{FAE04EC0-301F-11D3-BF4B-00C04F79EFBC}") = "dokuku.sales.payment.events", "dokuku.sales.payment.events\dokuku.sales.payment.events.csproj", "{249D137E-0806-4171-9864-3019FD32E075}"
EndProject
Project("{FAE04EC0-301F-11D3-BF4B-00C04F79EFBC}") = "dokuku.sales.payment.distributor", "dokuku.sales.payment.distributor\dokuku.sales.payment.distributor.csproj", "{2F70E826-B450-4F8A-800E-CB52E5FD45D5}"
EndProject
Project("{FAE04EC0-301F-11D3-BF4B-00C04F79EFBC}") = "dokuku.sales.currency", "dokuku.sales.currency\dokuku.sales.currency.csproj", "{A6C2804E-D3EB-451E-9316-4E1FF1D8277E}"
EndProject
Project("{FAE04EC0-301F-11D3-BF4B-00C04F79EFBC}") = "dokuku.sales.currency.messages", "dokuku.sales.currency.messages\dokuku.sales.currency.messages.csproj", "{8B2DDB22-5A9B-44B5-8BF3-E97787507886}"
EndProject
Project("{FAE04EC0-301F-11D3-BF4B-00C04F79EFBC}") = "dokuku.sales.taxes", "dokuku.sales.taxes\dokuku.sales.taxes.csproj", "{A2A87C17-6A3B-4F43-9A8F-C1416DDB4E68}"
EndProject
Project("{FAE04EC0-301F-11D3-BF4B-00C04F79EFBC}") = "dokuku.sales.taxes.messages", "dokuku.sales.taxes.messages\dokuku.sales.taxes.messages.csproj", "{F00FF317-256F-4BAA-BB72-939B2C9E3AAF}"
EndProject
Global
	GlobalSection(SolutionConfigurationPlatforms) = preSolution
		Debug|Any CPU = Debug|Any CPU
		Release|Any CPU = Release|Any CPU
	EndGlobalSection
	GlobalSection(ProjectConfigurationPlatforms) = postSolution
		{2C0F3BC7-ED13-400D-8D03-61E053748F7F}.Debug|Any CPU.ActiveCfg = Debug|Any CPU
		{2C0F3BC7-ED13-400D-8D03-61E053748F7F}.Debug|Any CPU.Build.0 = Debug|Any CPU
		{2C0F3BC7-ED13-400D-8D03-61E053748F7F}.Release|Any CPU.ActiveCfg = Release|Any CPU
		{2C0F3BC7-ED13-400D-8D03-61E053748F7F}.Release|Any CPU.Build.0 = Release|Any CPU
		{711872FE-E8BA-4996-ACBF-BEB3ACDB5884}.Debug|Any CPU.ActiveCfg = Debug|Any CPU
		{711872FE-E8BA-4996-ACBF-BEB3ACDB5884}.Debug|Any CPU.Build.0 = Debug|Any CPU
		{711872FE-E8BA-4996-ACBF-BEB3ACDB5884}.Release|Any CPU.ActiveCfg = Release|Any CPU
		{711872FE-E8BA-4996-ACBF-BEB3ACDB5884}.Release|Any CPU.Build.0 = Release|Any CPU
		{C1E3A522-9F44-48ED-8855-B78EC12A6C17}.Debug|Any CPU.ActiveCfg = Debug|Any CPU
		{C1E3A522-9F44-48ED-8855-B78EC12A6C17}.Debug|Any CPU.Build.0 = Debug|Any CPU
		{C1E3A522-9F44-48ED-8855-B78EC12A6C17}.Release|Any CPU.ActiveCfg = Release|Any CPU
		{C1E3A522-9F44-48ED-8855-B78EC12A6C17}.Release|Any CPU.Build.0 = Release|Any CPU
		{F5C9F94E-C7E1-4B16-ACA6-819CAC3B4819}.Debug|Any CPU.ActiveCfg = Debug|Any CPU
		{F5C9F94E-C7E1-4B16-ACA6-819CAC3B4819}.Debug|Any CPU.Build.0 = Debug|Any CPU
		{F5C9F94E-C7E1-4B16-ACA6-819CAC3B4819}.Release|Any CPU.ActiveCfg = Release|Any CPU
		{F5C9F94E-C7E1-4B16-ACA6-819CAC3B4819}.Release|Any CPU.Build.0 = Release|Any CPU
		{5E69D5E7-0DC2-4F7C-94B2-38BB7658FD88}.Debug|Any CPU.ActiveCfg = Debug|Any CPU
		{5E69D5E7-0DC2-4F7C-94B2-38BB7658FD88}.Debug|Any CPU.Build.0 = Debug|Any CPU
		{5E69D5E7-0DC2-4F7C-94B2-38BB7658FD88}.Release|Any CPU.ActiveCfg = Release|Any CPU
		{5E69D5E7-0DC2-4F7C-94B2-38BB7658FD88}.Release|Any CPU.Build.0 = Release|Any CPU
		{AB8DD020-FA42-4D68-A4C4-66DDD1A3B9B7}.Debug|Any CPU.ActiveCfg = Debug|Any CPU
		{AB8DD020-FA42-4D68-A4C4-66DDD1A3B9B7}.Debug|Any CPU.Build.0 = Debug|Any CPU
		{AB8DD020-FA42-4D68-A4C4-66DDD1A3B9B7}.Release|Any CPU.ActiveCfg = Release|Any CPU
		{AB8DD020-FA42-4D68-A4C4-66DDD1A3B9B7}.Release|Any CPU.Build.0 = Release|Any CPU
		{7722DE26-7C0C-4DF3-9A05-C791575D171B}.Debug|Any CPU.ActiveCfg = Debug|Any CPU
		{7722DE26-7C0C-4DF3-9A05-C791575D171B}.Debug|Any CPU.Build.0 = Debug|Any CPU
		{7722DE26-7C0C-4DF3-9A05-C791575D171B}.Release|Any CPU.ActiveCfg = Release|Any CPU
		{7722DE26-7C0C-4DF3-9A05-C791575D171B}.Release|Any CPU.Build.0 = Release|Any CPU
		{1003F280-9DFA-4D08-AB9B-771815BCE5B1}.Debug|Any CPU.ActiveCfg = Debug|Any CPU
		{1003F280-9DFA-4D08-AB9B-771815BCE5B1}.Debug|Any CPU.Build.0 = Debug|Any CPU
		{1003F280-9DFA-4D08-AB9B-771815BCE5B1}.Release|Any CPU.ActiveCfg = Release|Any CPU
		{1003F280-9DFA-4D08-AB9B-771815BCE5B1}.Release|Any CPU.Build.0 = Release|Any CPU
		{CC7B4BC5-85DC-470C-9531-D2B0FE5EB4D8}.Debug|Any CPU.ActiveCfg = Debug|Any CPU
		{CC7B4BC5-85DC-470C-9531-D2B0FE5EB4D8}.Debug|Any CPU.Build.0 = Debug|Any CPU
		{CC7B4BC5-85DC-470C-9531-D2B0FE5EB4D8}.Release|Any CPU.ActiveCfg = Release|Any CPU
		{CC7B4BC5-85DC-470C-9531-D2B0FE5EB4D8}.Release|Any CPU.Build.0 = Release|Any CPU
		{A1A6652A-BD05-44AD-B6A6-CD59E96FBDC1}.Debug|Any CPU.ActiveCfg = Debug|Any CPU
		{A1A6652A-BD05-44AD-B6A6-CD59E96FBDC1}.Debug|Any CPU.Build.0 = Debug|Any CPU
		{A1A6652A-BD05-44AD-B6A6-CD59E96FBDC1}.Release|Any CPU.ActiveCfg = Release|Any CPU
		{A1A6652A-BD05-44AD-B6A6-CD59E96FBDC1}.Release|Any CPU.Build.0 = Release|Any CPU
		{DFC91C58-F8C4-47AB-9253-257AE0DF3498}.Debug|Any CPU.ActiveCfg = Debug|Any CPU
		{DFC91C58-F8C4-47AB-9253-257AE0DF3498}.Debug|Any CPU.Build.0 = Debug|Any CPU
		{DFC91C58-F8C4-47AB-9253-257AE0DF3498}.Release|Any CPU.ActiveCfg = Release|Any CPU
		{DFC91C58-F8C4-47AB-9253-257AE0DF3498}.Release|Any CPU.Build.0 = Release|Any CPU
		{B8DA4234-451B-40A1-969F-F9FB979C6356}.Debug|Any CPU.ActiveCfg = Debug|Any CPU
		{B8DA4234-451B-40A1-969F-F9FB979C6356}.Debug|Any CPU.Build.0 = Debug|Any CPU
		{B8DA4234-451B-40A1-969F-F9FB979C6356}.Release|Any CPU.ActiveCfg = Release|Any CPU
		{B8DA4234-451B-40A1-969F-F9FB979C6356}.Release|Any CPU.Build.0 = Release|Any CPU
		{EA041C37-0229-4188-ACB0-9F684C17F029}.Debug|Any CPU.ActiveCfg = Debug|Any CPU
		{EA041C37-0229-4188-ACB0-9F684C17F029}.Debug|Any CPU.Build.0 = Debug|Any CPU
		{EA041C37-0229-4188-ACB0-9F684C17F029}.Release|Any CPU.ActiveCfg = Release|Any CPU
		{EA041C37-0229-4188-ACB0-9F684C17F029}.Release|Any CPU.Build.0 = Release|Any CPU
		{6E5D0D64-62F2-4420-9DF0-F83D57678293}.Debug|Any CPU.ActiveCfg = Debug|Any CPU
		{6E5D0D64-62F2-4420-9DF0-F83D57678293}.Debug|Any CPU.Build.0 = Debug|Any CPU
		{6E5D0D64-62F2-4420-9DF0-F83D57678293}.Release|Any CPU.ActiveCfg = Release|Any CPU
		{6E5D0D64-62F2-4420-9DF0-F83D57678293}.Release|Any CPU.Build.0 = Release|Any CPU
		{F389B501-2848-4C9B-B2C2-583FEC9BD01A}.Debug|Any CPU.ActiveCfg = Debug|Any CPU
		{F389B501-2848-4C9B-B2C2-583FEC9BD01A}.Debug|Any CPU.Build.0 = Debug|Any CPU
		{F389B501-2848-4C9B-B2C2-583FEC9BD01A}.Release|Any CPU.ActiveCfg = Release|Any CPU
		{F389B501-2848-4C9B-B2C2-583FEC9BD01A}.Release|Any CPU.Build.0 = Release|Any CPU
		{E50EEC36-7450-4C21-9DA4-DBC56BEABDD4}.Debug|Any CPU.ActiveCfg = Debug|Any CPU
		{E50EEC36-7450-4C21-9DA4-DBC56BEABDD4}.Debug|Any CPU.Build.0 = Debug|Any CPU
		{E50EEC36-7450-4C21-9DA4-DBC56BEABDD4}.Release|Any CPU.ActiveCfg = Release|Any CPU
		{E50EEC36-7450-4C21-9DA4-DBC56BEABDD4}.Release|Any CPU.Build.0 = Release|Any CPU
		{13FDB4DB-B1B3-415B-A89C-1F126A238718}.Debug|Any CPU.ActiveCfg = Debug|Any CPU
		{13FDB4DB-B1B3-415B-A89C-1F126A238718}.Debug|Any CPU.Build.0 = Debug|Any CPU
		{13FDB4DB-B1B3-415B-A89C-1F126A238718}.Release|Any CPU.ActiveCfg = Release|Any CPU
		{13FDB4DB-B1B3-415B-A89C-1F126A238718}.Release|Any CPU.Build.0 = Release|Any CPU
		{A9026D2B-D2AE-43CC-B9FF-4D686A75BDC1}.Debug|Any CPU.ActiveCfg = Debug|Any CPU
		{A9026D2B-D2AE-43CC-B9FF-4D686A75BDC1}.Debug|Any CPU.Build.0 = Debug|Any CPU
		{A9026D2B-D2AE-43CC-B9FF-4D686A75BDC1}.Release|Any CPU.ActiveCfg = Release|Any CPU
		{A9026D2B-D2AE-43CC-B9FF-4D686A75BDC1}.Release|Any CPU.Build.0 = Release|Any CPU
		{1E3B0C19-D3B2-4345-9530-8E8C87363521}.Debug|Any CPU.ActiveCfg = Debug|Any CPU
		{1E3B0C19-D3B2-4345-9530-8E8C87363521}.Debug|Any CPU.Build.0 = Debug|Any CPU
		{1E3B0C19-D3B2-4345-9530-8E8C87363521}.Release|Any CPU.ActiveCfg = Release|Any CPU
		{1E3B0C19-D3B2-4345-9530-8E8C87363521}.Release|Any CPU.Build.0 = Release|Any CPU
		{343AA832-365B-474F-9FE5-DF72EFB20776}.Debug|Any CPU.ActiveCfg = Debug|Any CPU
		{343AA832-365B-474F-9FE5-DF72EFB20776}.Debug|Any CPU.Build.0 = Debug|Any CPU
		{343AA832-365B-474F-9FE5-DF72EFB20776}.Release|Any CPU.ActiveCfg = Release|Any CPU
		{343AA832-365B-474F-9FE5-DF72EFB20776}.Release|Any CPU.Build.0 = Release|Any CPU
		{249D137E-0806-4171-9864-3019FD32E075}.Debug|Any CPU.ActiveCfg = Debug|Any CPU
		{249D137E-0806-4171-9864-3019FD32E075}.Debug|Any CPU.Build.0 = Debug|Any CPU
		{249D137E-0806-4171-9864-3019FD32E075}.Release|Any CPU.ActiveCfg = Release|Any CPU
		{249D137E-0806-4171-9864-3019FD32E075}.Release|Any CPU.Build.0 = Release|Any CPU
		{2F70E826-B450-4F8A-800E-CB52E5FD45D5}.Debug|Any CPU.ActiveCfg = Debug|Any CPU
		{2F70E826-B450-4F8A-800E-CB52E5FD45D5}.Debug|Any CPU.Build.0 = Debug|Any CPU
		{2F70E826-B450-4F8A-800E-CB52E5FD45D5}.Release|Any CPU.ActiveCfg = Release|Any CPU
		{2F70E826-B450-4F8A-800E-CB52E5FD45D5}.Release|Any CPU.Build.0 = Release|Any CPU
		{A6C2804E-D3EB-451E-9316-4E1FF1D8277E}.Debug|Any CPU.ActiveCfg = Debug|Any CPU
		{A6C2804E-D3EB-451E-9316-4E1FF1D8277E}.Debug|Any CPU.Build.0 = Debug|Any CPU
		{A6C2804E-D3EB-451E-9316-4E1FF1D8277E}.Release|Any CPU.ActiveCfg = Release|Any CPU
		{A6C2804E-D3EB-451E-9316-4E1FF1D8277E}.Release|Any CPU.Build.0 = Release|Any CPU
		{8B2DDB22-5A9B-44B5-8BF3-E97787507886}.Debug|Any CPU.ActiveCfg = Debug|Any CPU
		{8B2DDB22-5A9B-44B5-8BF3-E97787507886}.Debug|Any CPU.Build.0 = Debug|Any CPU
		{8B2DDB22-5A9B-44B5-8BF3-E97787507886}.Release|Any CPU.ActiveCfg = Release|Any CPU
		{8B2DDB22-5A9B-44B5-8BF3-E97787507886}.Release|Any CPU.Build.0 = Release|Any CPU
		{A2A87C17-6A3B-4F43-9A8F-C1416DDB4E68}.Debug|Any CPU.ActiveCfg = Debug|Any CPU
		{A2A87C17-6A3B-4F43-9A8F-C1416DDB4E68}.Debug|Any CPU.Build.0 = Debug|Any CPU
		{A2A87C17-6A3B-4F43-9A8F-C1416DDB4E68}.Release|Any CPU.ActiveCfg = Release|Any CPU
		{A2A87C17-6A3B-4F43-9A8F-C1416DDB4E68}.Release|Any CPU.Build.0 = Release|Any CPU
		{F00FF317-256F-4BAA-BB72-939B2C9E3AAF}.Debug|Any CPU.ActiveCfg = Debug|Any CPU
		{F00FF317-256F-4BAA-BB72-939B2C9E3AAF}.Debug|Any CPU.Build.0 = Debug|Any CPU
		{F00FF317-256F-4BAA-BB72-939B2C9E3AAF}.Release|Any CPU.ActiveCfg = Release|Any CPU
		{F00FF317-256F-4BAA-BB72-939B2C9E3AAF}.Release|Any CPU.Build.0 = Release|Any CPU
	EndGlobalSection
	GlobalSection(SolutionProperties) = preSolution
		HideSolutionNode = FALSE
	EndGlobalSection
EndGlobal
